
Microsoft Visual Studio Solution File, Format Version 12.00
# Visual Studio Version 16
VisualStudioVersion = 16.0.28803.352
MinimumVisualStudioVersion = 10.0.40219.1
Project("{2150E333-8FDC-42A3-9474-1A3956D46DE8}") = "src", "src", "{A4F4C4F9-2934-4B56-8897-B7F929810643}"
EndProject
Project("{9A19103F-16F7-4668-BE54-9A1E7A4F7556}") = "Finder", "src\Finder\Finder.csproj", "{79BB884B-E793-4CF8-A517-3698AF8952EC}"
EndProject
Global
	GlobalSection(SolutionConfigurationPlatforms) = preSolution
		Debug|Any CPU = Debug|Any CPU
		Release|Any CPU = Release|Any CPU
	EndGlobalSection
	GlobalSection(ProjectConfigurationPlatforms) = postSolution
		{79BB884B-E793-4CF8-A517-3698AF8952EC}.Debug|Any CPU.ActiveCfg = Debug|Any CPU
		{79BB884B-E793-4CF8-A517-3698AF8952EC}.Debug|Any CPU.Build.0 = Debug|Any CPU
		{79BB884B-E793-4CF8-A517-3698AF8952EC}.Release|Any CPU.ActiveCfg = Release|Any CPU
		{79BB884B-E793-4CF8-A517-3698AF8952EC}.Release|Any CPU.Build.0 = Release|Any CPU
	EndGlobalSection
	GlobalSection(SolutionProperties) = preSolution
		HideSolutionNode = FALSE
	EndGlobalSection
	GlobalSection(NestedProjects) = preSolution
		{79BB884B-E793-4CF8-A517-3698AF8952EC} = {A4F4C4F9-2934-4B56-8897-B7F929810643}
	EndGlobalSection
	GlobalSection(ExtensibilityGlobals) = postSolution
		SolutionGuid = {1AE0A792-9651-4872-BDBB-A0CD90E07C75}
	EndGlobalSection
EndGlobal
